
Microsoft Visual Studio Solution File, Format Version 12.00
# Visual Studio Version 17
VisualStudioVersion = 17.0.32014.148
MinimumVisualStudioVersion = 10.0.40219.1
Project("{FAE04EC0-301F-11D3-BF4B-00C04F79EFBC}") = "mycodebit pdf", "mycodebit pdf\mycodebit pdf.csproj", "{5362C840-80FB-469E-8B44-C3F5AC7156B5}"
EndProject
Global
	GlobalSection(SolutionConfigurationPlatforms) = preSolution
		Debug|Any CPU = Debug|Any CPU
		Release|Any CPU = Release|Any CPU
	EndGlobalSection
	GlobalSection(ProjectConfigurationPlatforms) = postSolution
		{5362C840-80FB-469E-8B44-C3F5AC7156B5}.Debug|Any CPU.ActiveCfg = Debug|Any CPU
		{5362C840-80FB-469E-8B44-C3F5AC7156B5}.Debug|Any CPU.Build.0 = Debug|Any CPU
		{5362C840-80FB-469E-8B44-C3F5AC7156B5}.Release|Any CPU.ActiveCfg = Release|Any CPU
		{5362C840-80FB-469E-8B44-C3F5AC7156B5}.Release|Any CPU.Build.0 = Release|Any CPU
	EndGlobalSection
	GlobalSection(SolutionProperties) = preSolution
		HideSolutionNode = FALSE
	EndGlobalSection
	GlobalSection(ExtensibilityGlobals) = postSolution
		SolutionGuid = {3C2898C4-6D84-4DEA-BCE6-2EBF10E4BBF7}
	EndGlobalSection
EndGlobal
